
Microsoft Visual Studio Solution File, Format Version 12.00
# Visual Studio 15
VisualStudioVersion = 15.0.28307.1169
MinimumVisualStudioVersion = 10.0.40219.1
Project("{FAE04EC0-301F-11D3-BF4B-00C04F79EFBC}") = "ConsoleApp16", "ConsoleApp16\ConsoleApp16.csproj", "{FB44D5C0-6B80-4322-9D7E-04719071354C}"
EndProject
Global
	GlobalSection(SolutionConfigurationPlatforms) = preSolution
		Debug|Any CPU = Debug|Any CPU
		Release|Any CPU = Release|Any CPU
	EndGlobalSection
	GlobalSection(ProjectConfigurationPlatforms) = postSolution
		{FB44D5C0-6B80-4322-9D7E-04719071354C}.Debug|Any CPU.ActiveCfg = Debug|Any CPU
		{FB44D5C0-6B80-4322-9D7E-04719071354C}.Debug|Any CPU.Build.0 = Debug|Any CPU
		{FB44D5C0-6B80-4322-9D7E-04719071354C}.Release|Any CPU.ActiveCfg = Release|Any CPU
		{FB44D5C0-6B80-4322-9D7E-04719071354C}.Release|Any CPU.Build.0 = Release|Any CPU
	EndGlobalSection
	GlobalSection(SolutionProperties) = preSolution
		HideSolutionNode = FALSE
	EndGlobalSection
	GlobalSection(ExtensibilityGlobals) = postSolution
		SolutionGuid = {213143F2-D29F-40BA-8CC0-569F3DCBF58C}
	EndGlobalSection
EndGlobal
